
Microsoft Visual Studio Solution File, Format Version 12.00
# Visual Studio 15
VisualStudioVersion = 15.0.26730.16
MinimumVisualStudioVersion = 10.0.40219.1
Project("{FAE04EC0-301F-11D3-BF4B-00C04F79EFBC}") = "DesignPatternAssignment7", "DesignPatternAssignment7\DesignPatternAssignment7.csproj", "{2AF17262-8419-43E5-AE51-CB16972B2840}"
EndProject
Global
	GlobalSection(SolutionConfigurationPlatforms) = preSolution
		Debug|Any CPU = Debug|Any CPU
		Release|Any CPU = Release|Any CPU
	EndGlobalSection
	GlobalSection(ProjectConfigurationPlatforms) = postSolution
		{2AF17262-8419-43E5-AE51-CB16972B2840}.Debug|Any CPU.ActiveCfg = Debug|Any CPU
		{2AF17262-8419-43E5-AE51-CB16972B2840}.Debug|Any CPU.Build.0 = Debug|Any CPU
		{2AF17262-8419-43E5-AE51-CB16972B2840}.Release|Any CPU.ActiveCfg = Release|Any CPU
		{2AF17262-8419-43E5-AE51-CB16972B2840}.Release|Any CPU.Build.0 = Release|Any CPU
	EndGlobalSection
	GlobalSection(SolutionProperties) = preSolution
		HideSolutionNode = FALSE
	EndGlobalSection
	GlobalSection(ExtensibilityGlobals) = postSolution
		SolutionGuid = {D62A0356-013C-4001-8FA2-5DB6BE4951FE}
	EndGlobalSection
EndGlobal
